
Microsoft Visual Studio Solution File, Format Version 11.00
# Visual Studio 2010
Project("{FAE04EC0-301F-11D3-BF4B-00C04F79EFBC}") = "ExceptionFilter_VS2008", "ExceptionFilter\ExceptionFilter_VS2008.csproj", "{53A82185-34E4-4492-BC62-DDD127CD27A1}"
EndProject
Project("{FAE04EC0-301F-11D3-BF4B-00C04F79EFBC}") = "TestForm", "TestForm\TestForm.csproj", "{29032D68-2817-48F0-A45E-8C05EEE56A0E}"
EndProject
Project("{54435603-DBB4-11D2-8724-00A0C9A8B90C}") = "Setup_VS2008", "Setup\Setup_VS2008.vdproj", "{D8972BAC-2265-4EDA-B69E-6785E5ADC950}"
EndProject
Global
	GlobalSection(SolutionConfigurationPlatforms) = preSolution
		Debug|Any CPU = Debug|Any CPU
		Release|Any CPU = Release|Any CPU
	EndGlobalSection
	GlobalSection(ProjectConfigurationPlatforms) = postSolution
		{53A82185-34E4-4492-BC62-DDD127CD27A1}.Debug|Any CPU.ActiveCfg = Debug|Any CPU
		{53A82185-34E4-4492-BC62-DDD127CD27A1}.Debug|Any CPU.Build.0 = Debug|Any CPU
		{53A82185-34E4-4492-BC62-DDD127CD27A1}.Release|Any CPU.ActiveCfg = Release|Any CPU
		{53A82185-34E4-4492-BC62-DDD127CD27A1}.Release|Any CPU.Build.0 = Release|Any CPU
		{29032D68-2817-48F0-A45E-8C05EEE56A0E}.Debug|Any CPU.ActiveCfg = Debug|Any CPU
		{29032D68-2817-48F0-A45E-8C05EEE56A0E}.Release|Any CPU.ActiveCfg = Release|Any CPU
		{29032D68-2817-48F0-A45E-8C05EEE56A0E}.Release|Any CPU.Build.0 = Release|Any CPU
		{D8972BAC-2265-4EDA-B69E-6785E5ADC950}.Debug|Any CPU.ActiveCfg = Debug
		{D8972BAC-2265-4EDA-B69E-6785E5ADC950}.Debug|Any CPU.Build.0 = Debug
		{D8972BAC-2265-4EDA-B69E-6785E5ADC950}.Release|Any CPU.ActiveCfg = Release
		{D8972BAC-2265-4EDA-B69E-6785E5ADC950}.Release|Any CPU.Build.0 = Release
	EndGlobalSection
	GlobalSection(SolutionProperties) = preSolution
		HideSolutionNode = FALSE
	EndGlobalSection
EndGlobal
